
Microsoft Visual Studio Solution File, Format Version 12.00
# Visual Studio Version 17
VisualStudioVersion = 17.8.34330.188
MinimumVisualStudioVersion = 10.0.40219.1
Project("{FAE04EC0-301F-11D3-BF4B-00C04F79EFBC}") = "c#_count_down_christmas", "c#_count_down_christmas\c#_count_down_christmas.csproj", "{FA9839F2-E7C9-499E-9B78-2935152D05E7}"
EndProject
Global
	GlobalSection(SolutionConfigurationPlatforms) = preSolution
		Debug|Any CPU = Debug|Any CPU
		Release|Any CPU = Release|Any CPU
	EndGlobalSection
	GlobalSection(ProjectConfigurationPlatforms) = postSolution
		{FA9839F2-E7C9-499E-9B78-2935152D05E7}.Debug|Any CPU.ActiveCfg = Debug|Any CPU
		{FA9839F2-E7C9-499E-9B78-2935152D05E7}.Debug|Any CPU.Build.0 = Debug|Any CPU
		{FA9839F2-E7C9-499E-9B78-2935152D05E7}.Release|Any CPU.ActiveCfg = Release|Any CPU
		{FA9839F2-E7C9-499E-9B78-2935152D05E7}.Release|Any CPU.Build.0 = Release|Any CPU
	EndGlobalSection
	GlobalSection(SolutionProperties) = preSolution
		HideSolutionNode = FALSE
	EndGlobalSection
	GlobalSection(ExtensibilityGlobals) = postSolution
		SolutionGuid = {D3EC00C0-A39D-4F86-8017-5938FD9D1AE6}
	EndGlobalSection
EndGlobal
